
Microsoft Visual Studio Solution File, Format Version 12.00
# Visual Studio 15
VisualStudioVersion = 15.0.28307.1145
MinimumVisualStudioVersion = 10.0.40219.1
Project("{FAE04EC0-301F-11D3-BF4B-00C04F79EFBC}") = "ConnectD365ByCrmServiceClient", "ConnectD365ByCrmServiceClient\ConnectD365ByCrmServiceClient.csproj", "{57A873F7-FDDF-430F-8E86-238418A37F00}"
EndProject
Global
	GlobalSection(SolutionConfigurationPlatforms) = preSolution
		Debug|Any CPU = Debug|Any CPU
		Release|Any CPU = Release|Any CPU
	EndGlobalSection
	GlobalSection(ProjectConfigurationPlatforms) = postSolution
		{57A873F7-FDDF-430F-8E86-238418A37F00}.Debug|Any CPU.ActiveCfg = Debug|Any CPU
		{57A873F7-FDDF-430F-8E86-238418A37F00}.Debug|Any CPU.Build.0 = Debug|Any CPU
		{57A873F7-FDDF-430F-8E86-238418A37F00}.Release|Any CPU.ActiveCfg = Release|Any CPU
		{57A873F7-FDDF-430F-8E86-238418A37F00}.Release|Any CPU.Build.0 = Release|Any CPU
	EndGlobalSection
	GlobalSection(SolutionProperties) = preSolution
		HideSolutionNode = FALSE
	EndGlobalSection
	GlobalSection(ExtensibilityGlobals) = postSolution
		SolutionGuid = {01926F83-1573-488A-9EC0-4198A9F3B6A0}
	EndGlobalSection
EndGlobal
